
Microsoft Visual Studio Solution File, Format Version 12.00
# Visual Studio Version 16
VisualStudioVersion = 16.0.31624.102
MinimumVisualStudioVersion = 10.0.40219.1
Project("{9A19103F-16F7-4668-BE54-9A1E7A4F7556}") = "grpc-server", "grpc-example\grpc-server.csproj", "{DDF26A66-8C92-4914-895F-7F2977E6784B}"
EndProject
Project("{9A19103F-16F7-4668-BE54-9A1E7A4F7556}") = "grpc-client", "grpc-client\grpc-client.csproj", "{437F891B-B063-415B-9CD9-EEE6C925E234}"
EndProject
Project("{E53339B2-1760-4266-BCC7-CA923CBCF16C}") = "docker-compose", "docker-compose.dcproj", "{B684E6D4-DCB7-47A8-BDF5-AC5B46DB1227}"
EndProject
Global
	GlobalSection(SolutionConfigurationPlatforms) = preSolution
		Debug|Any CPU = Debug|Any CPU
		Release|Any CPU = Release|Any CPU
	EndGlobalSection
	GlobalSection(ProjectConfigurationPlatforms) = postSolution
		{DDF26A66-8C92-4914-895F-7F2977E6784B}.Debug|Any CPU.ActiveCfg = Debug|Any CPU
		{DDF26A66-8C92-4914-895F-7F2977E6784B}.Debug|Any CPU.Build.0 = Debug|Any CPU
		{DDF26A66-8C92-4914-895F-7F2977E6784B}.Release|Any CPU.ActiveCfg = Release|Any CPU
		{DDF26A66-8C92-4914-895F-7F2977E6784B}.Release|Any CPU.Build.0 = Release|Any CPU
		{437F891B-B063-415B-9CD9-EEE6C925E234}.Debug|Any CPU.ActiveCfg = Debug|Any CPU
		{437F891B-B063-415B-9CD9-EEE6C925E234}.Debug|Any CPU.Build.0 = Debug|Any CPU
		{437F891B-B063-415B-9CD9-EEE6C925E234}.Release|Any CPU.ActiveCfg = Release|Any CPU
		{437F891B-B063-415B-9CD9-EEE6C925E234}.Release|Any CPU.Build.0 = Release|Any CPU
		{B684E6D4-DCB7-47A8-BDF5-AC5B46DB1227}.Debug|Any CPU.ActiveCfg = Debug|Any CPU
		{B684E6D4-DCB7-47A8-BDF5-AC5B46DB1227}.Debug|Any CPU.Build.0 = Debug|Any CPU
		{B684E6D4-DCB7-47A8-BDF5-AC5B46DB1227}.Release|Any CPU.ActiveCfg = Release|Any CPU
		{B684E6D4-DCB7-47A8-BDF5-AC5B46DB1227}.Release|Any CPU.Build.0 = Release|Any CPU
	EndGlobalSection
	GlobalSection(SolutionProperties) = preSolution
		HideSolutionNode = FALSE
	EndGlobalSection
	GlobalSection(ExtensibilityGlobals) = postSolution
		SolutionGuid = {DD9764B4-30ED-4EC9-A5E9-2589F307EF53}
	EndGlobalSection
EndGlobal
